// !$*UTF8*$!
{
	archiveVersion = 1;
	classes = {
	};
	objectVersion = 46;
	objects = {

/* Begin PBXBuildFile section */
		1C0BAED6170A813F00A3A8DD /* SelectionSort.plist in Resources */ = {isa = PBXBuildFile; fileRef = 1C0BAED5170A813F00A3A8DD /* SelectionSort.plist */; };
		1C0BAEDA170A816A00A3A8DD /* SelectionSort.txt in Resources */ = {isa = PBXBuildFile; fileRef = 1C0BAED8170A815D00A3A8DD /* SelectionSort.txt */; };
		1C0E6FFD17152EF7008FA655 /* ArrayPointer.txt in Resources */ = {isa = PBXBuildFile; fileRef = 1C0E6FFC17152EF7008FA655 /* ArrayPointer.txt */; };
		1C0E700717153EDF008FA655 /* CSClusteredBlockView.m in Sources */ = {isa = PBXBuildFile; fileRef = 1C0E700617153EDF008FA655 /* CSClusteredBlockView.m */; };
		1C0E700B17154EB6008FA655 /* CSCharPointerArrayInterface.m in Sources */ = {isa = PBXBuildFile; fileRef = 1C0E700A17154EB6008FA655 /* CSCharPointerArrayInterface.m */; };
		1C0E700D17155213008FA655 /* CharPointerArray.txt in Resources */ = {isa = PBXBuildFile; fileRef = 1C0E700C17155213008FA655 /* CharPointerArray.txt */; };
		1C0E70131715847A008FA655 /* CSConsoleView.m in Sources */ = {isa = PBXBuildFile; fileRef = 1C0E70121715847A008FA655 /* CSConsoleView.m */; };
		1C1073051718349400CDC0A5 /* CSUtils.m in Sources */ = {isa = PBXBuildFile; fileRef = 1C1073041718349400CDC0A5 /* CSUtils.m */; };
		1C1073081719210100CDC0A5 /* CSCollectionViewController.m in Sources */ = {isa = PBXBuildFile; fileRef = 1C1073071719210100CDC0A5 /* CSCollectionViewController.m */; };
		1C10730A171BBA0600CDC0A5 /* StringSort.txt in Resources */ = {isa = PBXBuildFile; fileRef = 1C107309171BBA0600CDC0A5 /* StringSort.txt */; };
		1C10730D171BBA2600CDC0A5 /* CSStringSortInterface.m in Sources */ = {isa = PBXBuildFile; fileRef = 1C10730C171BBA2600CDC0A5 /* CSStringSortInterface.m */; };
		1C107313171D3E7500CDC0A5 /* NSString+Separator.m in Sources */ = {isa = PBXBuildFile; fileRef = 1C107312171D3E7500CDC0A5 /* NSString+Separator.m */; };
		1C10930817095DBE0079D261 /* CSSortInterface.m in Sources */ = {isa = PBXBuildFile; fileRef = 1C10930717095DBE0079D261 /* CSSortInterface.m */; };
		1C10930B1709C28F0079D261 /* CSSelectionSortInterface.m in Sources */ = {isa = PBXBuildFile; fileRef = 1C10930A1709C28F0079D261 /* CSSelectionSortInterface.m */; };
		1C1328501712581F00A472FB /* CSMemViewController.m in Sources */ = {isa = PBXBuildFile; fileRef = 1C13284F1712581F00A472FB /* CSMemViewController.m */; };
		1C132853171297F900A472FB /* CSStackCell.m in Sources */ = {isa = PBXBuildFile; fileRef = 1C132852171297F900A472FB /* CSStackCell.m */; };
		1C1369BA17114BC6001766C4 /* CSMemModel.m in Sources */ = {isa = PBXBuildFile; fileRef = 1C1369B917114BC6001766C4 /* CSMemModel.m */; };
		1C1369BD1711B763001766C4 /* CSStack.m in Sources */ = {isa = PBXBuildFile; fileRef = 1C1369BC1711B763001766C4 /* CSStack.m */; };
		1C1369C11711BFB4001766C4 /* PZHNExpandableTableView.m in Sources */ = {isa = PBXBuildFile; fileRef = 1C1369C01711BFB4001766C4 /* PZHNExpandableTableView.m */; settings = {COMPILER_FLAGS = "-fno-objc-arc"; }; };
		1C180E81175303130030C317 /* MinValueFirst.txt in Resources */ = {isa = PBXBuildFile; fileRef = 1C180E80175303130030C317 /* MinValueFirst.txt */; };
		1C180E85175303340030C317 /* CSMinValueFirstInterface.m in Sources */ = {isa = PBXBuildFile; fileRef = 1C180E84175303340030C317 /* CSMinValueFirstInterface.m */; };
		1C180E88175374200030C317 /* CSMaxStringInterface.m in Sources */ = {isa = PBXBuildFile; fileRef = 1C180E871753741F0030C317 /* CSMaxStringInterface.m */; };
		1C180E8A175375050030C317 /* MaxString.txt in Resources */ = {isa = PBXBuildFile; fileRef = 1C180E89175375050030C317 /* MaxString.txt */; };
		1C180E8C17547E240030C317 /* LifeScope.txt in Resources */ = {isa = PBXBuildFile; fileRef = 1C180E8B17547E240030C317 /* LifeScope.txt */; };
		1C180E9017547E450030C317 /* CSLifeScopeInterface.m in Sources */ = {isa = PBXBuildFile; fileRef = 1C180E8F17547E450030C317 /* CSLifeScopeInterface.m */; };
		1C180E9417550DD20030C317 /* CSConvenientAnimation.m in Sources */ = {isa = PBXBuildFile; fileRef = 1C180E9317550DD20030C317 /* CSConvenientAnimation.m */; };
		1C226C3A1763242200D87A96 /* CSCharLengthInterface.m in Sources */ = {isa = PBXBuildFile; fileRef = 1C226C391763242200D87A96 /* CSCharLengthInterface.m */; };
		1C226C3C1763244600D87A96 /* CharLength.txt in Resources */ = {isa = PBXBuildFile; fileRef = 1C226C3B1763244600D87A96 /* CharLength.txt */; };
		1C26562716D1E636006937C5 /* CSCodeParser.m in Sources */ = {isa = PBXBuildFile; fileRef = 1C26562416D1E636006937C5 /* CSCodeParser.m */; };
		1C26562816D1E636006937C5 /* CSSnippet.m in Sources */ = {isa = PBXBuildFile; fileRef = 1C26562616D1E636006937C5 /* CSSnippet.m */; };
		1C26562B16D1E81E006937C5 /* CSCodeView.m in Sources */ = {isa = PBXBuildFile; fileRef = 1C26562A16D1E81E006937C5 /* CSCodeView.m */; };
		1C26562E16D20892006937C5 /* CSBlockView.m in Sources */ = {isa = PBXBuildFile; fileRef = 1C26562D16D20892006937C5 /* CSBlockView.m */; };
		1C26563516D24C74006937C5 /* CSArrowView.m in Sources */ = {isa = PBXBuildFile; fileRef = 1C26563416D24C74006937C5 /* CSArrowView.m */; };
		1C306290177A7D4900D1EB27 /* UIColor+FlatUI.m in Sources */ = {isa = PBXBuildFile; fileRef = 1C30628F177A7D4900D1EB27 /* UIColor+FlatUI.m */; };
		1C6447BB16C7DA3000654781 /* UIKit.framework in Frameworks */ = {isa = PBXBuildFile; fileRef = 1C6447BA16C7DA3000654781 /* UIKit.framework */; };
		1C6447BD16C7DA3000654781 /* Foundation.framework in Frameworks */ = {isa = PBXBuildFile; fileRef = 1C6447BC16C7DA3000654781 /* Foundation.framework */; };
		1C6447BF16C7DA3000654781 /* CoreGraphics.framework in Frameworks */ = {isa = PBXBuildFile; fileRef = 1C6447BE16C7DA3000654781 /* CoreGraphics.framework */; };
		1C6447C516C7DA3000654781 /* InfoPlist.strings in Resources */ = {isa = PBXBuildFile; fileRef = 1C6447C316C7DA3000654781 /* InfoPlist.strings */; };
		1C6447C716C7DA3000654781 /* main.m in Sources */ = {isa = PBXBuildFile; fileRef = 1C6447C616C7DA3000654781 /* main.m */; };
		1C6447CB16C7DA3000654781 /* CSAppDelegate.m in Sources */ = {isa = PBXBuildFile; fileRef = 1C6447CA16C7DA3000654781 /* CSAppDelegate.m */; };
		1C6447CD16C7DA3000654781 /* Default.png in Resources */ = {isa = PBXBuildFile; fileRef = 1C6447CC16C7DA3000654781 /* Default.png */; };
		1C6447CF16C7DA3000654781 /* Default@2x.png in Resources */ = {isa = PBXBuildFile; fileRef = 1C6447CE16C7DA3000654781 /* Default@2x.png */; };
		1C6447D116C7DA3000654781 /* Default-568h@2x.png in Resources */ = {isa = PBXBuildFile; fileRef = 1C6447D016C7DA3000654781 /* Default-568h@2x.png */; };
		1C6447DE16CA186D00654781 /* CSProgram.m in Sources */ = {isa = PBXBuildFile; fileRef = 1C6447DD16CA186D00654781 /* CSProgram.m */; };
		1C6447E216CA2DD900654781 /* CSInterface.m in Sources */ = {isa = PBXBuildFile; fileRef = 1C6447E116CA2DD900654781 /* CSInterface.m */; };
		1C6447E416CA372800654781 /* CoreText.framework in Frameworks */ = {isa = PBXBuildFile; fileRef = 1C6447E316CA372800654781 /* CoreText.framework */; };
		1C8996F01744B91C00975237 /* CSArrayPointerInterface.m in Sources */ = {isa = PBXBuildFile; fileRef = 1C8996EF1744B91C00975237 /* CSArrayPointerInterface.m */; };
		1C8996F31744BC4F00975237 /* CSInputView.m in Sources */ = {isa = PBXBuildFile; fileRef = 1C8996F21744BC4E00975237 /* CSInputView.m */; };
		1C8996F61744D20400975237 /* CSTipView.m in Sources */ = {isa = PBXBuildFile; fileRef = 1C8996F51744D20300975237 /* CSTipView.m */; };
		1C8996F8174513B000975237 /* MultiLevelPointer.txt in Resources */ = {isa = PBXBuildFile; fileRef = 1C8996F7174513B000975237 /* MultiLevelPointer.txt */; };
		1C8996FB174513CF00975237 /* CSMultiLevelPointerInterface.m in Sources */ = {isa = PBXBuildFile; fileRef = 1C8996FA174513CF00975237 /* CSMultiLevelPointerInterface.m */; };
		1C8996FE17464BA200975237 /* DeleteNumberString.txt in Resources */ = {isa = PBXBuildFile; fileRef = 1C8996FD17464BA200975237 /* DeleteNumberString.txt */; };
		1C89970117464BBA00975237 /* CSDeleteNumberStringInterface.m in Sources */ = {isa = PBXBuildFile; fileRef = 1C89970017464BB900975237 /* CSDeleteNumberStringInterface.m */; };
		1C8997041746881900975237 /* CSAnphasizeHUD.m in Sources */ = {isa = PBXBuildFile; fileRef = 1C8997031746881700975237 /* CSAnphasizeHUD.m */; };
		1C89970917489F6800975237 /* StructElection.txt in Resources */ = {isa = PBXBuildFile; fileRef = 1C89970817489F6600975237 /* StructElection.txt */; };
		1C89970D1748A0D300975237 /* CSStructElectionInterface.m in Sources */ = {isa = PBXBuildFile; fileRef = 1C89970C1748A0D300975237 /* CSStructElectionInterface.m */; };
		1CDC7A7F16E1BA4000BFC269 /* CSStepperViewController.m in Sources */ = {isa = PBXBuildFile; fileRef = 1CDC7A7E16E1BA4000BFC269 /* CSStepperViewController.m */; };
		1CDC7A8116E1BBD500BFC269 /* QuartzCore.framework in Frameworks */ = {isa = PBXBuildFile; fileRef = 1CDC7A8016E1BBD400BFC269 /* QuartzCore.framework */; };
/* End PBXBuildFile section */

/* Begin PBXFileReference section */
		1C0BAED5170A813F00A3A8DD /* SelectionSort.plist */ = {isa = PBXFileReference; fileEncoding = 4; lastKnownFileType = text.plist.xml; name = SelectionSort.plist; path = Resources/plists/SelectionSort.plist; sourceTree = "<group>"; };
		1C0BAED8170A815D00A3A8DD /* SelectionSort.txt */ = {isa = PBXFileReference; fileEncoding = 4; lastKnownFileType = text; name = SelectionSort.txt; path = Resources/code/SelectionSort.txt; sourceTree = "<group>"; };
		1C0E6FFC17152EF7008FA655 /* ArrayPointer.txt */ = {isa = PBXFileReference; fileEncoding = 4; lastKnownFileType = text; name = ArrayPointer.txt; path = Resources/code/ArrayPointer.txt; sourceTree = "<group>"; };
		1C0E700517153EDF008FA655 /* CSClusteredBlockView.h */ = {isa = PBXFileReference; fileEncoding = 4; lastKnownFileType = sourcecode.c.h; name = CSClusteredBlockView.h; path = CSKit/CommonViews/CSClusteredBlockView.h; sourceTree = "<group>"; };
		1C0E700617153EDF008FA655 /* CSClusteredBlockView.m */ = {isa = PBXFileReference; fileEncoding = 4; lastKnownFileType = sourcecode.c.objc; name = CSClusteredBlockView.m; path = CSKit/CommonViews/CSClusteredBlockView.m; sourceTree = "<group>"; };
		1C0E700917154EB6008FA655 /* CSCharPointerArrayInterface.h */ = {isa = PBXFileReference; fileEncoding = 4; lastKnownFileType = sourcecode.c.h; name = CSCharPointerArrayInterface.h; path = ConcreteEgs/Chapter6/CSCharPointerArrayInterface.h; sourceTree = "<group>"; };
		1C0E700A17154EB6008FA655 /* CSCharPointerArrayInterface.m */ = {isa = PBXFileReference; fileEncoding = 4; lastKnownFileType = sourcecode.c.objc; name = CSCharPointerArrayInterface.m; path = ConcreteEgs/Chapter6/CSCharPointerArrayInterface.m; sourceTree = "<group>"; };
		1C0E700C17155213008FA655 /* CharPointerArray.txt */ = {isa = PBXFileReference; fileEncoding = 4; lastKnownFileType = text; name = CharPointerArray.txt; path = Resources/code/CharPointerArray.txt; sourceTree = "<group>"; };
		1C0E70111715847A008FA655 /* CSConsoleView.h */ = {isa = PBXFileReference; fileEncoding = 4; lastKnownFileType = sourcecode.c.h; name = CSConsoleView.h; path = CSKit/CommonViews/CSConsoleView.h; sourceTree = "<group>"; };
		1C0E70121715847A008FA655 /* CSConsoleView.m */ = {isa = PBXFileReference; fileEncoding = 4; lastKnownFileType = sourcecode.c.objc; name = CSConsoleView.m; path = CSKit/CommonViews/CSConsoleView.m; sourceTree = "<group>"; };
		1C1073031718349400CDC0A5 /* CSUtils.h */ = {isa = PBXFileReference; fileEncoding = 4; lastKnownFileType = sourcecode.c.h; name = CSUtils.h; path = CSKit/Utils/CSUtils.h; sourceTree = "<group>"; };
		1C1073041718349400CDC0A5 /* CSUtils.m */ = {isa = PBXFileReference; fileEncoding = 4; lastKnownFileType = sourcecode.c.objc; name = CSUtils.m; path = CSKit/Utils/CSUtils.m; sourceTree = "<group>"; };
		1C1073061719210100CDC0A5 /* CSCollectionViewController.h */ = {isa = PBXFileReference; fileEncoding = 4; lastKnownFileType = sourcecode.c.h; name = CSCollectionViewController.h; path = ViewController/CSCollectionViewController.h; sourceTree = "<group>"; };
		1C1073071719210100CDC0A5 /* CSCollectionViewController.m */ = {isa = PBXFileReference; fileEncoding = 4; lastKnownFileType = sourcecode.c.objc; name = CSCollectionViewController.m; path = ViewController/CSCollectionViewController.m; sourceTree = "<group>"; };
		1C107309171BBA0600CDC0A5 /* StringSort.txt */ = {isa = PBXFileReference; fileEncoding = 4; lastKnownFileType = text; name = StringSort.txt; path = Resources/code/StringSort.txt; sourceTree = "<group>"; };
		1C10730B171BBA2600CDC0A5 /* CSStringSortInterface.h */ = {isa = PBXFileReference; fileEncoding = 4; lastKnownFileType = sourcecode.c.h; name = CSStringSortInterface.h; path = ConcreteEgs/Chapter7/CSStringSortInterface.h; sourceTree = "<group>"; };
		1C10730C171BBA2600CDC0A5 /* CSStringSortInterface.m */ = {isa = PBXFileReference; fileEncoding = 4; lastKnownFileType = sourcecode.c.objc; name = CSStringSortInterface.m; path = ConcreteEgs/Chapter7/CSStringSortInterface.m; sourceTree = "<group>"; };
		1C107311171D3E7500CDC0A5 /* NSString+Separator.h */ = {isa = PBXFileReference; fileEncoding = 4; lastKnownFileType = sourcecode.c.h; name = "NSString+Separator.h"; path = "CSKit/Categories/NSString+Separator.h"; sourceTree = "<group>"; };
		1C107312171D3E7500CDC0A5 /* NSString+Separator.m */ = {isa = PBXFileReference; fileEncoding = 4; lastKnownFileType = sourcecode.c.objc; name = "NSString+Separator.m"; path = "CSKit/Categories/NSString+Separator.m"; sourceTree = "<group>"; };
		1C10930617095DBE0079D261 /* CSSortInterface.h */ = {isa = PBXFileReference; fileEncoding = 4; lastKnownFileType = sourcecode.c.h; name = CSSortInterface.h; path = ConcreteEgs/Sort/CSSortInterface.h; sourceTree = "<group>"; };
		1C10930717095DBE0079D261 /* CSSortInterface.m */ = {isa = PBXFileReference; fileEncoding = 4; lastKnownFileType = sourcecode.c.objc; name = CSSortInterface.m; path = ConcreteEgs/Sort/CSSortInterface.m; sourceTree = "<group>"; };
		1C1093091709C28F0079D261 /* CSSelectionSortInterface.h */ = {isa = PBXFileReference; fileEncoding = 4; lastKnownFileType = sourcecode.c.h; name = CSSelectionSortInterface.h; path = ConcreteEgs/Sort/CSSelectionSortInterface.h; sourceTree = "<group>"; };
		1C10930A1709C28F0079D261 /* CSSelectionSortInterface.m */ = {isa = PBXFileReference; fileEncoding = 4; lastKnownFileType = sourcecode.c.objc; name = CSSelectionSortInterface.m; path = ConcreteEgs/Sort/CSSelectionSortInterface.m; sourceTree = "<group>"; };
		1C13284E1712581F00A472FB /* CSMemViewController.h */ = {isa = PBXFileReference; fileEncoding = 4; lastKnownFileType = sourcecode.c.h; name = CSMemViewController.h; path = ViewController/CSMemViewController.h; sourceTree = "<group>"; };
		1C13284F1712581F00A472FB /* CSMemViewController.m */ = {isa = PBXFileReference; fileEncoding = 4; lastKnownFileType = sourcecode.c.objc; name = CSMemViewController.m; path = ViewController/CSMemViewController.m; sourceTree = "<group>"; };
		1C132851171297F900A472FB /* CSStackCell.h */ = {isa = PBXFileReference; fileEncoding = 4; lastKnownFileType = sourcecode.c.h; name = CSStackCell.h; path = CSKit/CommonViews/CSStackCell.h; sourceTree = "<group>"; };
		1C132852171297F900A472FB /* CSStackCell.m */ = {isa = PBXFileReference; fileEncoding = 4; lastKnownFileType = sourcecode.c.objc; name = CSStackCell.m; path = CSKit/CommonViews/CSStackCell.m; sourceTree = "<group>"; };
		1C1369B817114BC6001766C4 /* CSMemModel.h */ = {isa = PBXFileReference; fileEncoding = 4; lastKnownFileType = sourcecode.c.h; name = CSMemModel.h; path = CSKit/Model/CSMemModel.h; sourceTree = "<group>"; };
		1C1369B917114BC6001766C4 /* CSMemModel.m */ = {isa = PBXFileReference; fileEncoding = 4; lastKnownFileType = sourcecode.c.objc; name = CSMemModel.m; path = CSKit/Model/CSMemModel.m; sourceTree = "<group>"; };
		1C1369BB1711B763001766C4 /* CSStack.h */ = {isa = PBXFileReference; fileEncoding = 4; lastKnownFileType = sourcecode.c.h; name = CSStack.h; path = CSKit/Model/CSStack.h; sourceTree = "<group>"; };
		1C1369BC1711B763001766C4 /* CSStack.m */ = {isa = PBXFileReference; fileEncoding = 4; lastKnownFileType = sourcecode.c.objc; name = CSStack.m; path = CSKit/Model/CSStack.m; sourceTree = "<group>"; };
		1C1369BF1711BFB4001766C4 /* PZHNExpandableTableView.h */ = {isa = PBXFileReference; fileEncoding = 4; lastKnownFileType = sourcecode.c.h; name = PZHNExpandableTableView.h; path = External/PZHNExpandableTableView.h; sourceTree = "<group>"; };
		1C1369C01711BFB4001766C4 /* PZHNExpandableTableView.m */ = {isa = PBXFileReference; fileEncoding = 4; lastKnownFileType = sourcecode.c.objc; name = PZHNExpandableTableView.m; path = External/PZHNExpandableTableView.m; sourceTree = "<group>"; };
		1C180E80175303130030C317 /* MinValueFirst.txt */ = {isa = PBXFileReference; fileEncoding = 4; lastKnownFileType = text; name = MinValueFirst.txt; path = Resources/code/MinValueFirst.txt; sourceTree = "<group>"; };
		1C180E83175303340030C317 /* CSMinValueFirstInterface.h */ = {isa = PBXFileReference; fileEncoding = 4; lastKnownFileType = sourcecode.c.h; name = CSMinValueFirstInterface.h; path = ConcreteEgs/Chapter5/CSMinValueFirstInterface.h; sourceTree = "<group>"; };
		1C180E84175303340030C317 /* CSMinValueFirstInterface.m */ = {isa = PBXFileReference; fileEncoding = 4; lastKnownFileType = sourcecode.c.objc; name = CSMinValueFirstInterface.m; path = ConcreteEgs/Chapter5/CSMinValueFirstInterface.m; sourceTree = "<group>"; };
		1C180E861753741F0030C317 /* CSMaxStringInterface.h */ = {isa = PBXFileReference; fileEncoding = 4; lastKnownFileType = sourcecode.c.h; name = CSMaxStringInterface.h; path = ConcreteEgs/Chapter7/CSMaxStringInterface.h; sourceTree = "<group>"; };
		1C180E871753741F0030C317 /* CSMaxStringInterface.m */ = {isa = PBXFileReference; fileEncoding = 4; lastKnownFileType = sourcecode.c.objc; name = CSMaxStringInterface.m; path = ConcreteEgs/Chapter7/CSMaxStringInterface.m; sourceTree = "<group>"; };
		1C180E89175375050030C317 /* MaxString.txt */ = {isa = PBXFileReference; fileEncoding = 4; lastKnownFileType = text; name = MaxString.txt; path = Resources/code/MaxString.txt; sourceTree = "<group>"; };
		1C180E8B17547E240030C317 /* LifeScope.txt */ = {isa = PBXFileReference; fileEncoding = 4; lastKnownFileType = text; name = LifeScope.txt; path = Resources/code/LifeScope.txt; sourceTree = "<group>"; };
		1C180E8E17547E450030C317 /* CSLifeScopeInterface.h */ = {isa = PBXFileReference; fileEncoding = 4; lastKnownFileType = sourcecode.c.h; name = CSLifeScopeInterface.h; path = ConcreteEgs/Chapter4/CSLifeScopeInterface.h; sourceTree = "<group>"; };
		1C180E8F17547E450030C317 /* CSLifeScopeInterface.m */ = {isa = PBXFileReference; fileEncoding = 4; lastKnownFileType = sourcecode.c.objc; name = CSLifeScopeInterface.m; path = ConcreteEgs/Chapter4/CSLifeScopeInterface.m; sourceTree = "<group>"; };
		1C180E9217550DD20030C317 /* CSConvenientAnimation.h */ = {isa = PBXFileReference; fileEncoding = 4; lastKnownFileType = sourcecode.c.h; name = CSConvenientAnimation.h; path = CSKit/Animation/CSConvenientAnimation.h; sourceTree = "<group>"; };
		1C180E9317550DD20030C317 /* CSConvenientAnimation.m */ = {isa = PBXFileReference; fileEncoding = 4; lastKnownFileType = sourcecode.c.objc; name = CSConvenientAnimation.m; path = CSKit/Animation/CSConvenientAnimation.m; sourceTree = "<group>"; };
		1C226C381763242200D87A96 /* CSCharLengthInterface.h */ = {isa = PBXFileReference; fileEncoding = 4; lastKnownFileType = sourcecode.c.h; name = CSCharLengthInterface.h; path = ConcreteEgs/Chapter6/CSCharLengthInterface.h; sourceTree = "<group>"; };
		1C226C391763242200D87A96 /* CSCharLengthInterface.m */ = {isa = PBXFileReference; fileEncoding = 4; lastKnownFileType = sourcecode.c.objc; name = CSCharLengthInterface.m; path = ConcreteEgs/Chapter6/CSCharLengthInterface.m; sourceTree = "<group>"; };
		1C226C3B1763244600D87A96 /* CharLength.txt */ = {isa = PBXFileReference; fileEncoding = 4; lastKnownFileType = text; name = CharLength.txt; path = Resources/code/CharLength.txt; sourceTree = "<group>"; };
		1C26562316D1E636006937C5 /* CSCodeParser.h */ = {isa = PBXFileReference; fileEncoding = 4; lastKnownFileType = sourcecode.c.h; name = CSCodeParser.h; path = CSKit/ParseCore/CSCodeParser.h; sourceTree = "<group>"; };
		1C26562416D1E636006937C5 /* CSCodeParser.m */ = {isa = PBXFileReference; fileEncoding = 4; lastKnownFileType = sourcecode.c.objc; name = CSCodeParser.m; path = CSKit/ParseCore/CSCodeParser.m; sourceTree = "<group>"; };
		1C26562516D1E636006937C5 /* CSSnippet.h */ = {isa = PBXFileReference; fileEncoding = 4; lastKnownFileType = sourcecode.c.h; name = CSSnippet.h; path = CSKit/ParseCore/CSSnippet.h; sourceTree = "<group>"; };
		1C26562616D1E636006937C5 /* CSSnippet.m */ = {isa = PBXFileReference; fileEncoding = 4; lastKnownFileType = sourcecode.c.objc; name = CSSnippet.m; path = CSKit/ParseCore/CSSnippet.m; sourceTree = "<group>"; };
		1C26562916D1E81E006937C5 /* CSCodeView.h */ = {isa = PBXFileReference; fileEncoding = 4; lastKnownFileType = sourcecode.c.h; name = CSCodeView.h; path = CSKit/CommonViews/CSCodeView.h; sourceTree = "<group>"; };
		1C26562A16D1E81E006937C5 /* CSCodeView.m */ = {isa = PBXFileReference; fileEncoding = 4; lastKnownFileType = sourcecode.c.objc; name = CSCodeView.m; path = CSKit/CommonViews/CSCodeView.m; sourceTree = "<group>"; };
		1C26562C16D20892006937C5 /* CSBlockView.h */ = {isa = PBXFileReference; fileEncoding = 4; lastKnownFileType = sourcecode.c.h; name = CSBlockView.h; path = CSKit/CommonViews/CSBlockView.h; sourceTree = "<group>"; };
		1C26562D16D20892006937C5 /* CSBlockView.m */ = {isa = PBXFileReference; fileEncoding = 4; lastKnownFileType = sourcecode.c.objc; name = CSBlockView.m; path = CSKit/CommonViews/CSBlockView.m; sourceTree = "<group>"; };
		1C26563316D24C74006937C5 /* CSArrowView.h */ = {isa = PBXFileReference; fileEncoding = 4; lastKnownFileType = sourcecode.c.h; name = CSArrowView.h; path = CSKit/CommonViews/CSArrowView.h; sourceTree = "<group>"; };
		1C26563416D24C74006937C5 /* CSArrowView.m */ = {isa = PBXFileReference; fileEncoding = 4; lastKnownFileType = sourcecode.c.objc; name = CSArrowView.m; path = CSKit/CommonViews/CSArrowView.m; sourceTree = "<group>"; };
		1C30628E177A7D4900D1EB27 /* UIColor+FlatUI.h */ = {isa = PBXFileReference; fileEncoding = 4; lastKnownFileType = sourcecode.c.h; name = "UIColor+FlatUI.h"; path = "CSKit/Categories/UIColor+FlatUI.h"; sourceTree = "<group>"; };
		1C30628F177A7D4900D1EB27 /* UIColor+FlatUI.m */ = {isa = PBXFileReference; fileEncoding = 4; lastKnownFileType = sourcecode.c.objc; name = "UIColor+FlatUI.m"; path = "CSKit/Categories/UIColor+FlatUI.m"; sourceTree = "<group>"; };
		1C6447B716C7DA3000654781 /* CSStepper.app */ = {isa = PBXFileReference; explicitFileType = wrapper.application; includeInIndex = 0; path = CSStepper.app; sourceTree = BUILT_PRODUCTS_DIR; };
		1C6447BA16C7DA3000654781 /* UIKit.framework */ = {isa = PBXFileReference; lastKnownFileType = wrapper.framework; name = UIKit.framework; path = System/Library/Frameworks/UIKit.framework; sourceTree = SDKROOT; };
		1C6447BC16C7DA3000654781 /* Foundation.framework */ = {isa = PBXFileReference; lastKnownFileType = wrapper.framework; name = Foundation.framework; path = System/Library/Frameworks/Foundation.framework; sourceTree = SDKROOT; };
		1C6447BE16C7DA3000654781 /* CoreGraphics.framework */ = {isa = PBXFileReference; lastKnownFileType = wrapper.framework; name = CoreGraphics.framework; path = System/Library/Frameworks/CoreGraphics.framework; sourceTree = SDKROOT; };
		1C6447C216C7DA3000654781 /* CSStepper-Info.plist */ = {isa = PBXFileReference; lastKnownFileType = text.plist.xml; path = "CSStepper-Info.plist"; sourceTree = "<group>"; };
		1C6447C416C7DA3000654781 /* en */ = {isa = PBXFileReference; lastKnownFileType = text.plist.strings; name = en; path = en.lproj/InfoPlist.strings; sourceTree = "<group>"; };
		1C6447C616C7DA3000654781 /* main.m */ = {isa = PBXFileReference; lastKnownFileType = sourcecode.c.objc; path = main.m; sourceTree = "<group>"; };
		1C6447C816C7DA3000654781 /* CSStepper-Prefix.pch */ = {isa = PBXFileReference; lastKnownFileType = sourcecode.c.h; path = "CSStepper-Prefix.pch"; sourceTree = "<group>"; };
		1C6447C916C7DA3000654781 /* CSAppDelegate.h */ = {isa = PBXFileReference; lastKnownFileType = sourcecode.c.h; path = CSAppDelegate.h; sourceTree = "<group>"; };
		1C6447CA16C7DA3000654781 /* CSAppDelegate.m */ = {isa = PBXFileReference; lastKnownFileType = sourcecode.c.objc; path = CSAppDelegate.m; sourceTree = "<group>"; };
		1C6447CC16C7DA3000654781 /* Default.png */ = {isa = PBXFileReference; lastKnownFileType = image.png; path = Default.png; sourceTree = "<group>"; };
		1C6447CE16C7DA3000654781 /* Default@2x.png */ = {isa = PBXFileReference; lastKnownFileType = image.png; path = "Default@2x.png"; sourceTree = "<group>"; };
		1C6447D016C7DA3000654781 /* Default-568h@2x.png */ = {isa = PBXFileReference; lastKnownFileType = image.png; path = "Default-568h@2x.png"; sourceTree = "<group>"; };
		1C6447DC16CA186D00654781 /* CSProgram.h */ = {isa = PBXFileReference; fileEncoding = 4; lastKnownFileType = sourcecode.c.h; name = CSProgram.h; path = CSKit/CSProgram.h; sourceTree = "<group>"; };
		1C6447DD16CA186D00654781 /* CSProgram.m */ = {isa = PBXFileReference; fileEncoding = 4; lastKnownFileType = sourcecode.c.objc; name = CSProgram.m; path = CSKit/CSProgram.m; sourceTree = "<group>"; };
		1C6447E016CA2DD900654781 /* CSInterface.h */ = {isa = PBXFileReference; fileEncoding = 4; lastKnownFileType = sourcecode.c.h; name = CSInterface.h; path = CSKit/CSInterface.h; sourceTree = "<group>"; };
		1C6447E116CA2DD900654781 /* CSInterface.m */ = {isa = PBXFileReference; fileEncoding = 4; lastKnownFileType = sourcecode.c.objc; name = CSInterface.m; path = CSKit/CSInterface.m; sourceTree = "<group>"; };
		1C6447E316CA372800654781 /* CoreText.framework */ = {isa = PBXFileReference; lastKnownFileType = wrapper.framework; name = CoreText.framework; path = System/Library/Frameworks/CoreText.framework; sourceTree = SDKROOT; };
		1C8996EE1744B91C00975237 /* CSArrayPointerInterface.h */ = {isa = PBXFileReference; fileEncoding = 4; lastKnownFileType = sourcecode.c.h; name = CSArrayPointerInterface.h; path = ConcreteEgs/Chapter7/CSArrayPointerInterface.h; sourceTree = "<group>"; };
		1C8996EF1744B91C00975237 /* CSArrayPointerInterface.m */ = {isa = PBXFileReference; fileEncoding = 4; lastKnownFileType = sourcecode.c.objc; name = CSArrayPointerInterface.m; path = ConcreteEgs/Chapter7/CSArrayPointerInterface.m; sourceTree = "<group>"; };
		1C8996F11744BC4D00975237 /* CSInputView.h */ = {isa = PBXFileReference; fileEncoding = 4; lastKnownFileType = sourcecode.c.h; name = CSInputView.h; path = CSKit/CommonViews/CSInputView.h; sourceTree = "<group>"; };
		1C8996F21744BC4E00975237 /* CSInputView.m */ = {isa = PBXFileReference; fileEncoding = 4; lastKnownFileType = sourcecode.c.objc; name = CSInputView.m; path = CSKit/CommonViews/CSInputView.m; sourceTree = "<group>"; };
		1C8996F41744D20200975237 /* CSTipView.h */ = {isa = PBXFileReference; fileEncoding = 4; lastKnownFileType = sourcecode.c.h; name = CSTipView.h; path = CSKit/CommonViews/CSTipView.h; sourceTree = "<group>"; };
		1C8996F51744D20300975237 /* CSTipView.m */ = {isa = PBXFileReference; fileEncoding = 4; lastKnownFileType = sourcecode.c.objc; name = CSTipView.m; path = CSKit/CommonViews/CSTipView.m; sourceTree = "<group>"; };
		1C8996F7174513B000975237 /* MultiLevelPointer.txt */ = {isa = PBXFileReference; fileEncoding = 4; lastKnownFileType = text; name = MultiLevelPointer.txt; path = Resources/code/MultiLevelPointer.txt; sourceTree = "<group>"; };
		1C8996F9174513CF00975237 /* CSMultiLevelPointerInterface.h */ = {isa = PBXFileReference; fileEncoding = 4; lastKnownFileType = sourcecode.c.h; name = CSMultiLevelPointerInterface.h; path = ConcreteEgs/Chapter6/CSMultiLevelPointerInterface.h; sourceTree = "<group>"; };
		1C8996FA174513CF00975237 /* CSMultiLevelPointerInterface.m */ = {isa = PBXFileReference; fileEncoding = 4; lastKnownFileType = sourcecode.c.objc; name = CSMultiLevelPointerInterface.m; path = ConcreteEgs/Chapter6/CSMultiLevelPointerInterface.m; sourceTree = "<group>"; };
		1C8996FD17464BA200975237 /* DeleteNumberString.txt */ = {isa = PBXFileReference; fileEncoding = 4; lastKnownFileType = text; name = DeleteNumberString.txt; path = Resources/code/DeleteNumberString.txt; sourceTree = "<group>"; };
		1C8996FF17464BB800975237 /* CSDeleteNumberStringInterface.h */ = {isa = PBXFileReference; fileEncoding = 4; lastKnownFileType = sourcecode.c.h; name = CSDeleteNumberStringInterface.h; path = ConcreteEgs/Chapter7/CSDeleteNumberStringInterface.h; sourceTree = "<group>"; };
		1C89970017464BB900975237 /* CSDeleteNumberStringInterface.m */ = {isa = PBXFileReference; fileEncoding = 4; lastKnownFileType = sourcecode.c.objc; name = CSDeleteNumberStringInterface.m; path = ConcreteEgs/Chapter7/CSDeleteNumberStringInterface.m; sourceTree = "<group>"; };
		1C8997021746881500975237 /* CSAnphasizeHUD.h */ = {isa = PBXFileReference; fileEncoding = 4; lastKnownFileType = sourcecode.c.h; name = CSAnphasizeHUD.h; path = CSKit/CommonViews/CSAnphasizeHUD.h; sourceTree = "<group>"; };
		1C8997031746881700975237 /* CSAnphasizeHUD.m */ = {isa = PBXFileReference; fileEncoding = 4; lastKnownFileType = sourcecode.c.objc; name = CSAnphasizeHUD.m; path = CSKit/CommonViews/CSAnphasizeHUD.m; sourceTree = "<group>"; };
		1C89970817489F6600975237 /* StructElection.txt */ = {isa = PBXFileReference; fileEncoding = 4; lastKnownFileType = text; name = StructElection.txt; path = Resources/code/StructElection.txt; sourceTree = "<group>"; };
		1C89970B1748A0D300975237 /* CSStructElectionInterface.h */ = {isa = PBXFileReference; fileEncoding = 4; lastKnownFileType = sourcecode.c.h; name = CSStructElectionInterface.h; path = ConcreteEgs/Chapter8/CSStructElectionInterface.h; sourceTree = "<group>"; };
		1C89970C1748A0D300975237 /* CSStructElectionInterface.m */ = {isa = PBXFileReference; fileEncoding = 4; lastKnownFileType = sourcecode.c.objc; name = CSStructElectionInterface.m; path = ConcreteEgs/Chapter8/CSStructElectionInterface.m; sourceTree = "<group>"; };
		1CDC7A7D16E1BA4000BFC269 /* CSStepperViewController.h */ = {isa = PBXFileReference; fileEncoding = 4; lastKnownFileType = sourcecode.c.h; name = CSStepperViewController.h; path = ViewController/CSStepperViewController.h; sourceTree = "<group>"; };
		1CDC7A7E16E1BA4000BFC269 /* CSStepperViewController.m */ = {isa = PBXFileReference; fileEncoding = 4; lastKnownFileType = sourcecode.c.objc; name = CSStepperViewController.m; path = ViewController/CSStepperViewController.m; sourceTree = "<group>"; };
		1CDC7A8016E1BBD400BFC269 /* QuartzCore.framework */ = {isa = PBXFileReference; lastKnownFileType = wrapper.framework; name = QuartzCore.framework; path = System/Library/Frameworks/QuartzCore.framework; sourceTree = SDKROOT; };
/* End PBXFileReference section */

/* Begin PBXFrameworksBuildPhase section */
		1C6447B416C7DA3000654781 /* Frameworks */ = {
			isa = PBXFrameworksBuildPhase;
			buildActionMask = 2147483647;
			files = (
				1CDC7A8116E1BBD500BFC269 /* QuartzCore.framework in Frameworks */,
				1C6447E416CA372800654781 /* CoreText.framework in Frameworks */,
				1C6447BB16C7DA3000654781 /* UIKit.framework in Frameworks */,
				1C6447BD16C7DA3000654781 /* Foundation.framework in Frameworks */,
				1C6447BF16C7DA3000654781 /* CoreGraphics.framework in Frameworks */,
			);
			runOnlyForDeploymentPostprocessing = 0;
		};
/* End PBXFrameworksBuildPhase section */

/* Begin PBXGroup section */
		1C0B46C917145AC500A25B3A /* Utils */ = {
			isa = PBXGroup;
			children = (
				1C1073031718349400CDC0A5 /* CSUtils.h */,
				1C1073041718349400CDC0A5 /* CSUtils.m */,
			);
			name = Utils;
			sourceTree = "<group>";
		};
		1C0BAED11709EB7C00A3A8DD /* Resources */ = {
			isa = PBXGroup;
			children = (
				1C0BAED7170A814200A3A8DD /* code */,
				1C0BAED4170A813300A3A8DD /* plists */,
			);
			name = Resources;
			sourceTree = "<group>";
		};
		1C0BAED4170A813300A3A8DD /* plists */ = {
			isa = PBXGroup;
			children = (
				1C0BAED5170A813F00A3A8DD /* SelectionSort.plist */,
			);
			name = plists;
			sourceTree = "<group>";
		};
		1C0BAED7170A814200A3A8DD /* code */ = {
			isa = PBXGroup;
			children = (
				1C226C3B1763244600D87A96 /* CharLength.txt */,
				1C180E8B17547E240030C317 /* LifeScope.txt */,
				1C180E89175375050030C317 /* MaxString.txt */,
				1C180E80175303130030C317 /* MinValueFirst.txt */,
				1C89970817489F6600975237 /* StructElection.txt */,
				1C8996FD17464BA200975237 /* DeleteNumberString.txt */,
				1C107309171BBA0600CDC0A5 /* StringSort.txt */,
				1C0E700C17155213008FA655 /* CharPointerArray.txt */,
				1C8996F7174513B000975237 /* MultiLevelPointer.txt */,
				1C0E6FFC17152EF7008FA655 /* ArrayPointer.txt */,
				1C0BAED8170A815D00A3A8DD /* SelectionSort.txt */,
			);
			name = code;
			sourceTree = "<group>";
		};
		1C0E700117153398008FA655 /* Chapter7 */ = {
			isa = PBXGroup;
			children = (
				1C10730B171BBA2600CDC0A5 /* CSStringSortInterface.h */,
				1C10730C171BBA2600CDC0A5 /* CSStringSortInterface.m */,
				1C8996EE1744B91C00975237 /* CSArrayPointerInterface.h */,
				1C8996EF1744B91C00975237 /* CSArrayPointerInterface.m */,
				1C8996FF17464BB800975237 /* CSDeleteNumberStringInterface.h */,
				1C89970017464BB900975237 /* CSDeleteNumberStringInterface.m */,
				1C180E861753741F0030C317 /* CSMaxStringInterface.h */,
				1C180E871753741F0030C317 /* CSMaxStringInterface.m */,
			);
			name = Chapter7;
			sourceTree = "<group>";
		};
		1C0E700817154E98008FA655 /* Chapter6 */ = {
			isa = PBXGroup;
			children = (
				1C0E700917154EB6008FA655 /* CSCharPointerArrayInterface.h */,
				1C0E700A17154EB6008FA655 /* CSCharPointerArrayInterface.m */,
				1C8996F9174513CF00975237 /* CSMultiLevelPointerInterface.h */,
				1C8996FA174513CF00975237 /* CSMultiLevelPointerInterface.m */,
				1C226C381763242200D87A96 /* CSCharLengthInterface.h */,
				1C226C391763242200D87A96 /* CSCharLengthInterface.m */,
			);
			name = Chapter6;
			sourceTree = "<group>";
		};
		1C10930217095C9F0079D261 /* Sort */ = {
			isa = PBXGroup;
			children = (
				1C10930617095DBE0079D261 /* CSSortInterface.h */,
				1C10930717095DBE0079D261 /* CSSortInterface.m */,
				1C1093091709C28F0079D261 /* CSSelectionSortInterface.h */,
				1C10930A1709C28F0079D261 /* CSSelectionSortInterface.m */,
			);
			name = Sort;
			sourceTree = "<group>";
		};
		1C13699F17113939001766C4 /* Model */ = {
			isa = PBXGroup;
			children = (
				1C1369B817114BC6001766C4 /* CSMemModel.h */,
				1C1369B917114BC6001766C4 /* CSMemModel.m */,
				1C1369BB1711B763001766C4 /* CSStack.h */,
				1C1369BC1711B763001766C4 /* CSStack.m */,
			);
			name = Model;
			sourceTree = "<group>";
		};
		1C1369BE1711BF98001766C4 /* External */ = {
			isa = PBXGroup;
			children = (
				1C1369BF1711BFB4001766C4 /* PZHNExpandableTableView.h */,
				1C1369C01711BFB4001766C4 /* PZHNExpandableTableView.m */,
			);
			name = External;
			sourceTree = "<group>";
		};
		1C180E7F175260BD0030C317 /* Animation */ = {
			isa = PBXGroup;
			children = (
				1C180E9217550DD20030C317 /* CSConvenientAnimation.h */,
				1C180E9317550DD20030C317 /* CSConvenientAnimation.m */,
			);
			name = Animation;
			sourceTree = "<group>";
		};
		1C180E82175303190030C317 /* Chapter5 */ = {
			isa = PBXGroup;
			children = (
				1C10930217095C9F0079D261 /* Sort */,
				1C180E83175303340030C317 /* CSMinValueFirstInterface.h */,
				1C180E84175303340030C317 /* CSMinValueFirstInterface.m */,
			);
			name = Chapter5;
			sourceTree = "<group>";
		};
		1C180E8D17547E2F0030C317 /* Chapter4 */ = {
			isa = PBXGroup;
			children = (
				1C180E8E17547E450030C317 /* CSLifeScopeInterface.h */,
				1C180E8F17547E450030C317 /* CSLifeScopeInterface.m */,
			);
			name = Chapter4;
			sourceTree = "<group>";
		};
		1C26561C16D1E5D0006937C5 /* ParseCore */ = {
			isa = PBXGroup;
			children = (
				1C26562316D1E636006937C5 /* CSCodeParser.h */,
				1C26562416D1E636006937C5 /* CSCodeParser.m */,
				1C26562516D1E636006937C5 /* CSSnippet.h */,
				1C26562616D1E636006937C5 /* CSSnippet.m */,
			);
			name = ParseCore;
			sourceTree = "<group>";
		};
		1C26562F16D2476A006937C5 /* Categories */ = {
			isa = PBXGroup;
			children = (
				1C107311171D3E7500CDC0A5 /* NSString+Separator.h */,
				1C107312171D3E7500CDC0A5 /* NSString+Separator.m */,
				1C30628E177A7D4900D1EB27 /* UIColor+FlatUI.h */,
				1C30628F177A7D4900D1EB27 /* UIColor+FlatUI.m */,
			);
			name = Categories;
			sourceTree = "<group>";
		};
		1C6447AE16C7DA2F00654781 = {
			isa = PBXGroup;
			children = (
				1CDC7A7C16E1BA1000BFC269 /* ViewController */,
				1C6447D816C880A900654781 /* ConcreteEgs */,
				1C6447D716C7DB6700654781 /* CSKit */,
				1C6447C016C7DA3000654781 /* CSStepper */,
				1C1369BE1711BF98001766C4 /* External */,
				1C0BAED11709EB7C00A3A8DD /* Resources */,
				1C6447B916C7DA3000654781 /* Frameworks */,
				1C6447B816C7DA3000654781 /* Products */,
			);
			sourceTree = "<group>";
		};
		1C6447B816C7DA3000654781 /* Products */ = {
			isa = PBXGroup;
			children = (
				1C6447B716C7DA3000654781 /* CSStepper.app */,
			);
			name = Products;
			sourceTree = "<group>";
		};
		1C6447B916C7DA3000654781 /* Frameworks */ = {
			isa = PBXGroup;
			children = (
				1CDC7A8016E1BBD400BFC269 /* QuartzCore.framework */,
				1C6447E316CA372800654781 /* CoreText.framework */,
				1C6447BA16C7DA3000654781 /* UIKit.framework */,
				1C6447BC16C7DA3000654781 /* Foundation.framework */,
				1C6447BE16C7DA3000654781 /* CoreGraphics.framework */,
			);
			name = Frameworks;
			sourceTree = "<group>";
		};
		1C6447C016C7DA3000654781 /* CSStepper */ = {
			isa = PBXGroup;
			children = (
				1C6447C916C7DA3000654781 /* CSAppDelegate.h */,
				1C6447CA16C7DA3000654781 /* CSAppDelegate.m */,
				1C6447C116C7DA3000654781 /* Supporting Files */,
			);
			path = CSStepper;
			sourceTree = "<group>";
		};
		1C6447C116C7DA3000654781 /* Supporting Files */ = {
			isa = PBXGroup;
			children = (
				1C6447C216C7DA3000654781 /* CSStepper-Info.plist */,
				1C6447C316C7DA3000654781 /* InfoPlist.strings */,
				1C6447C616C7DA3000654781 /* main.m */,
				1C6447C816C7DA3000654781 /* CSStepper-Prefix.pch */,
				1C6447CC16C7DA3000654781 /* Default.png */,
				1C6447CE16C7DA3000654781 /* Default@2x.png */,
				1C6447D016C7DA3000654781 /* Default-568h@2x.png */,
			);
			name = "Supporting Files";
			sourceTree = "<group>";
		};
		1C6447D716C7DB6700654781 /* CSKit */ = {
			isa = PBXGroup;
			children = (
				1C0B46C917145AC500A25B3A /* Utils */,
				1C13699F17113939001766C4 /* Model */,
				1C26562F16D2476A006937C5 /* Categories */,
				1C26561C16D1E5D0006937C5 /* ParseCore */,
				1C6447DF16CA1CF000654781 /* CommonViews */,
				1C180E7F175260BD0030C317 /* Animation */,
				1C6447DC16CA186D00654781 /* CSProgram.h */,
				1C6447DD16CA186D00654781 /* CSProgram.m */,
				1C6447E016CA2DD900654781 /* CSInterface.h */,
				1C6447E116CA2DD900654781 /* CSInterface.m */,
			);
			name = CSKit;
			sourceTree = "<group>";
		};
		1C6447D816C880A900654781 /* ConcreteEgs */ = {
			isa = PBXGroup;
			children = (
				1C180E8D17547E2F0030C317 /* Chapter4 */,
				1C180E82175303190030C317 /* Chapter5 */,
				1C0E700817154E98008FA655 /* Chapter6 */,
				1C0E700117153398008FA655 /* Chapter7 */,
				1C89970A1748A0A100975237 /* Chapter8 */,
			);
			name = ConcreteEgs;
			sourceTree = "<group>";
		};
		1C6447DF16CA1CF000654781 /* CommonViews */ = {
			isa = PBXGroup;
			children = (
				1C26562916D1E81E006937C5 /* CSCodeView.h */,
				1C26562A16D1E81E006937C5 /* CSCodeView.m */,
				1C26562C16D20892006937C5 /* CSBlockView.h */,
				1C26562D16D20892006937C5 /* CSBlockView.m */,
				1C26563316D24C74006937C5 /* CSArrowView.h */,
				1C26563416D24C74006937C5 /* CSArrowView.m */,
				1C132851171297F900A472FB /* CSStackCell.h */,
				1C132852171297F900A472FB /* CSStackCell.m */,
				1C0E70111715847A008FA655 /* CSConsoleView.h */,
				1C0E70121715847A008FA655 /* CSConsoleView.m */,
				1C8996F11744BC4D00975237 /* CSInputView.h */,
				1C8996F21744BC4E00975237 /* CSInputView.m */,
				1C8996F41744D20200975237 /* CSTipView.h */,
				1C8996F51744D20300975237 /* CSTipView.m */,
				1C8997021746881500975237 /* CSAnphasizeHUD.h */,
				1C8997031746881700975237 /* CSAnphasizeHUD.m */,
				1C0E700517153EDF008FA655 /* CSClusteredBlockView.h */,
				1C0E700617153EDF008FA655 /* CSClusteredBlockView.m */,
			);
			name = CommonViews;
			sourceTree = "<group>";
		};
		1C89970A1748A0A100975237 /* Chapter8 */ = {
			isa = PBXGroup;
			children = (
				1C89970B1748A0D300975237 /* CSStructElectionInterface.h */,
				1C89970C1748A0D300975237 /* CSStructElectionInterface.m */,
			);
			name = Chapter8;
			sourceTree = "<group>";
		};
		1CDC7A7C16E1BA1000BFC269 /* ViewController */ = {
			isa = PBXGroup;
			children = (
				1CDC7A7D16E1BA4000BFC269 /* CSStepperViewController.h */,
				1CDC7A7E16E1BA4000BFC269 /* CSStepperViewController.m */,
				1C13284E1712581F00A472FB /* CSMemViewController.h */,
				1C13284F1712581F00A472FB /* CSMemViewController.m */,
				1C1073061719210100CDC0A5 /* CSCollectionViewController.h */,
				1C1073071719210100CDC0A5 /* CSCollectionViewController.m */,
			);
			name = ViewController;
			sourceTree = "<group>";
		};
/* End PBXGroup section */

/* Begin PBXNativeTarget section */
		1C6447B616C7DA3000654781 /* CSStepper */ = {
			isa = PBXNativeTarget;
			buildConfigurationList = 1C6447D416C7DA3000654781 /* Build configuration list for PBXNativeTarget "CSStepper" */;
			buildPhases = (
				1C6447B316C7DA3000654781 /* Sources */,
				1C6447B416C7DA3000654781 /* Frameworks */,
				1C6447B516C7DA3000654781 /* Resources */,
			);
			buildRules = (
			);
			dependencies = (
			);
			name = CSStepper;
			productName = CSStepper;
			productReference = 1C6447B716C7DA3000654781 /* CSStepper.app */;
			productType = "com.apple.product-type.application";
		};
/* End PBXNativeTarget section */

/* Begin PBXProject section */
		1C6447AF16C7DA2F00654781 /* Project object */ = {
			isa = PBXProject;
			attributes = {
				CLASSPREFIX = CS;
				LastUpgradeCheck = 0460;
				ORGANIZATIONNAME = "Studyro Studio";
			};
			buildConfigurationList = 1C6447B216C7DA2F00654781 /* Build configuration list for PBXProject "CSStepper" */;
			compatibilityVersion = "Xcode 3.2";
			developmentRegion = English;
			hasScannedForEncodings = 0;
			knownRegions = (
				en,
			);
			mainGroup = 1C6447AE16C7DA2F00654781;
			productRefGroup = 1C6447B816C7DA3000654781 /* Products */;
			projectDirPath = "";
			projectRoot = "";
			targets = (
				1C6447B616C7DA3000654781 /* CSStepper */,
			);
		};
/* End PBXProject section */

/* Begin PBXResourcesBuildPhase section */
		1C6447B516C7DA3000654781 /* Resources */ = {
			isa = PBXResourcesBuildPhase;
			buildActionMask = 2147483647;
			files = (
				1C0BAEDA170A816A00A3A8DD /* SelectionSort.txt in Resources */,
				1C6447C516C7DA3000654781 /* InfoPlist.strings in Resources */,
				1C6447CD16C7DA3000654781 /* Default.png in Resources */,
				1C6447CF16C7DA3000654781 /* Default@2x.png in Resources */,
				1C6447D116C7DA3000654781 /* Default-568h@2x.png in Resources */,
				1C0BAED6170A813F00A3A8DD /* SelectionSort.plist in Resources */,
				1C0E6FFD17152EF7008FA655 /* ArrayPointer.txt in Resources */,
				1C0E700D17155213008FA655 /* CharPointerArray.txt in Resources */,
				1C10730A171BBA0600CDC0A5 /* StringSort.txt in Resources */,
				1C8996F8174513B000975237 /* MultiLevelPointer.txt in Resources */,
				1C8996FE17464BA200975237 /* DeleteNumberString.txt in Resources */,
				1C89970917489F6800975237 /* StructElection.txt in Resources */,
				1C180E81175303130030C317 /* MinValueFirst.txt in Resources */,
				1C180E8A175375050030C317 /* MaxString.txt in Resources */,
				1C180E8C17547E240030C317 /* LifeScope.txt in Resources */,
				1C226C3C1763244600D87A96 /* CharLength.txt in Resources */,
			);
			runOnlyForDeploymentPostprocessing = 0;
		};
/* End PBXResourcesBuildPhase section */

/* Begin PBXSourcesBuildPhase section */
		1C6447B316C7DA3000654781 /* Sources */ = {
			isa = PBXSourcesBuildPhase;
			buildActionMask = 2147483647;
			files = (
				1C6447C716C7DA3000654781 /* main.m in Sources */,
				1C6447CB16C7DA3000654781 /* CSAppDelegate.m in Sources */,
				1C6447DE16CA186D00654781 /* CSProgram.m in Sources */,
				1C6447E216CA2DD900654781 /* CSInterface.m in Sources */,
				1C26562716D1E636006937C5 /* CSCodeParser.m in Sources */,
				1C26562816D1E636006937C5 /* CSSnippet.m in Sources */,
				1C26562B16D1E81E006937C5 /* CSCodeView.m in Sources */,
				1C26562E16D20892006937C5 /* CSBlockView.m in Sources */,
				1C26563516D24C74006937C5 /* CSArrowView.m in Sources */,
				1CDC7A7F16E1BA4000BFC269 /* CSStepperViewController.m in Sources */,
				1C10930817095DBE0079D261 /* CSSortInterface.m in Sources */,
				1C10930B1709C28F0079D261 /* CSSelectionSortInterface.m in Sources */,
				1C1369BA17114BC6001766C4 /* CSMemModel.m in Sources */,
				1C1369BD1711B763001766C4 /* CSStack.m in Sources */,
				1C1369C11711BFB4001766C4 /* PZHNExpandableTableView.m in Sources */,
				1C1328501712581F00A472FB /* CSMemViewController.m in Sources */,
				1C132853171297F900A472FB /* CSStackCell.m in Sources */,
				1C0E700717153EDF008FA655 /* CSClusteredBlockView.m in Sources */,
				1C0E700B17154EB6008FA655 /* CSCharPointerArrayInterface.m in Sources */,
				1C0E70131715847A008FA655 /* CSConsoleView.m in Sources */,
				1C1073051718349400CDC0A5 /* CSUtils.m in Sources */,
				1C1073081719210100CDC0A5 /* CSCollectionViewController.m in Sources */,
				1C10730D171BBA2600CDC0A5 /* CSStringSortInterface.m in Sources */,
				1C107313171D3E7500CDC0A5 /* NSString+Separator.m in Sources */,
				1C8996F01744B91C00975237 /* CSArrayPointerInterface.m in Sources */,
				1C8996F31744BC4F00975237 /* CSInputView.m in Sources */,
				1C8996F61744D20400975237 /* CSTipView.m in Sources */,
				1C8996FB174513CF00975237 /* CSMultiLevelPointerInterface.m in Sources */,
				1C89970117464BBA00975237 /* CSDeleteNumberStringInterface.m in Sources */,
				1C8997041746881900975237 /* CSAnphasizeHUD.m in Sources */,
				1C89970D1748A0D300975237 /* CSStructElectionInterface.m in Sources */,
				1C180E85175303340030C317 /* CSMinValueFirstInterface.m in Sources */,
				1C180E88175374200030C317 /* CSMaxStringInterface.m in Sources */,
				1C180E9017547E450030C317 /* CSLifeScopeInterface.m in Sources */,
				1C180E9417550DD20030C317 /* CSConvenientAnimation.m in Sources */,
				1C226C3A1763242200D87A96 /* CSCharLengthInterface.m in Sources */,
				1C306290177A7D4900D1EB27 /* UIColor+FlatUI.m in Sources */,
			);
			runOnlyForDeploymentPostprocessing = 0;
		};
/* End PBXSourcesBuildPhase section */

/* Begin PBXVariantGroup section */
		1C6447C316C7DA3000654781 /* InfoPlist.strings */ = {
			isa = PBXVariantGroup;
			children = (
				1C6447C416C7DA3000654781 /* en */,
			);
			name = InfoPlist.strings;
			sourceTree = "<group>";
		};
/* End PBXVariantGroup section */

/* Begin XCBuildConfiguration section */
		1C6447D216C7DA3000654781 /* Debug */ = {
			isa = XCBuildConfiguration;
			buildSettings = {
				ALWAYS_SEARCH_USER_PATHS = NO;
				CLANG_CXX_LANGUAGE_STANDARD = "gnu++0x";
				CLANG_CXX_LIBRARY = "libc++";
				CLANG_WARN_CONSTANT_CONVERSION = YES;
				CLANG_WARN_EMPTY_BODY = YES;
				CLANG_WARN_ENUM_CONVERSION = YES;
				CLANG_WARN_INT_CONVERSION = YES;
				CLANG_WARN__DUPLICATE_METHOD_MATCH = YES;
				CODE_SIGN_IDENTITY = "iPhone Developer: Gong Yan (L7X4FYWPEE)";
				"CODE_SIGN_IDENTITY[sdk=iphoneos*]" = "iPhone Developer";
				COPY_PHASE_STRIP = NO;
				GCC_C_LANGUAGE_STANDARD = gnu99;
				GCC_DYNAMIC_NO_PIC = NO;
				GCC_OPTIMIZATION_LEVEL = 0;
				GCC_PREPROCESSOR_DEFINITIONS = (
					"DEBUG=1",
					"$(inherited)",
				);
				GCC_SYMBOLS_PRIVATE_EXTERN = NO;
				GCC_WARN_ABOUT_RETURN_TYPE = YES;
				GCC_WARN_UNINITIALIZED_AUTOS = YES;
				GCC_WARN_UNUSED_VARIABLE = YES;
				IPHONEOS_DEPLOYMENT_TARGET = 6.1;
				ONLY_ACTIVE_ARCH = YES;
				PROVISIONING_PROFILE = "1A852C26-8809-4A72-85A2-7D6722957C9A";
				SDKROOT = iphoneos;
				TARGETED_DEVICE_FAMILY = "1,2";
			};
			name = Debug;
		};
		1C6447D316C7DA3000654781 /* Release */ = {
			isa = XCBuildConfiguration;
			buildSettings = {
				ALWAYS_SEARCH_USER_PATHS = NO;
				CLANG_CXX_LANGUAGE_STANDARD = "gnu++0x";
				CLANG_CXX_LIBRARY = "libc++";
				CLANG_WARN_CONSTANT_CONVERSION = YES;
				CLANG_WARN_EMPTY_BODY = YES;
				CLANG_WARN_ENUM_CONVERSION = YES;
				CLANG_WARN_INT_CONVERSION = YES;
				CLANG_WARN__DUPLICATE_METHOD_MATCH = YES;
				CODE_SIGN_IDENTITY = "iPhone Developer: Gong Yan (L7X4FYWPEE)";
				"CODE_SIGN_IDENTITY[sdk=iphoneos*]" = "iPhone Developer";
				COPY_PHASE_STRIP = YES;
				GCC_C_LANGUAGE_STANDARD = gnu99;
				GCC_WARN_ABOUT_RETURN_TYPE = YES;
				GCC_WARN_UNINITIALIZED_AUTOS = YES;
				GCC_WARN_UNUSED_VARIABLE = YES;
				IPHONEOS_DEPLOYMENT_TARGET = 6.1;
				OTHER_CFLAGS = "-DNS_BLOCK_ASSERTIONS=1";
				PROVISIONING_PROFILE = "1A852C26-8809-4A72-85A2-7D6722957C9A";
				SDKROOT = iphoneos;
				TARGETED_DEVICE_FAMILY = "1,2";
				VALIDATE_PRODUCT = YES;
			};
			name = Release;
		};
		1C6447D516C7DA3000654781 /* Debug */ = {
			isa = XCBuildConfiguration;
			buildSettings = {
				CLANG_ENABLE_OBJC_ARC = YES;
				CODE_SIGN_IDENTITY = "iPhone Developer: Gong Yan (L7X4FYWPEE)";
				GCC_PRECOMPILE_PREFIX_HEADER = YES;
				GCC_PREFIX_HEADER = "CSStepper/CSStepper-Prefix.pch";
				INFOPLIST_FILE = "CSStepper/CSStepper-Info.plist";
				PRODUCT_NAME = "$(TARGET_NAME)";
				PROVISIONING_PROFILE = "1A852C26-8809-4A72-85A2-7D6722957C9A";
				VALIDATE_PRODUCT = YES;
				WRAPPER_EXTENSION = app;
			};
			name = Debug;
		};
		1C6447D616C7DA3000654781 /* Release */ = {
			isa = XCBuildConfiguration;
			buildSettings = {
				CLANG_ENABLE_OBJC_ARC = YES;
				CODE_SIGN_IDENTITY = "iPhone Developer: Gong Yan (L7X4FYWPEE)";
				GCC_PRECOMPILE_PREFIX_HEADER = YES;
				GCC_PREFIX_HEADER = "CSStepper/CSStepper-Prefix.pch";
				INFOPLIST_FILE = "CSStepper/CSStepper-Info.plist";
				PRODUCT_NAME = "$(TARGET_NAME)";
				PROVISIONING_PROFILE = "1A852C26-8809-4A72-85A2-7D6722957C9A";
				VALIDATE_PRODUCT = NO;
				WRAPPER_EXTENSION = app;
			};
			name = Release;
		};
/* End XCBuildConfiguration section */

/* Begin XCConfigurationList section */
		1C6447B216C7DA2F00654781 /* Build configuration list for PBXProject "CSStepper" */ = {
			isa = XCConfigurationList;
			buildConfigurations = (
				1C6447D216C7DA3000654781 /* Debug */,
				1C6447D316C7DA3000654781 /* Release */,
			);
			defaultConfigurationIsVisible = 0;
			defaultConfigurationName = Release;
		};
		1C6447D416C7DA3000654781 /* Build configuration list for PBXNativeTarget "CSStepper" */ = {
			isa = XCConfigurationList;
			buildConfigurations = (
				1C6447D516C7DA3000654781 /* Debug */,
				1C6447D616C7DA3000654781 /* Release */,
			);
			defaultConfigurationIsVisible = 0;
			defaultConfigurationName = Release;
		};
/* End XCConfigurationList section */
	};
	rootObject = 1C6447AF16C7DA2F00654781 /* Project object */;
}
